
Microsoft Visual Studio Solution File, Format Version 12.00
# Visual Studio 15
VisualStudioVersion = 15.0.27428.2002
MinimumVisualStudioVersion = 10.0.40219.1
Project("{FAE04EC0-301F-11D3-BF4B-00C04F79EFBC}") = "PokemonErranteGBA", "PokemonErranteGBA\PokemonErranteGBA.csproj", "{9CA13A3B-BAD4-48A3-A54E-B7D306796F54}"
EndProject
Project("{9A19103F-16F7-4668-BE54-9A1E7A4F7556}") = "Gabriel.Cat.S.Utilitats", "..\Gabriel.Cat.S.Utilitats\Gabriel.Cat.S.Utilitats\Gabriel.Cat.S.Utilitats.csproj", "{481709D4-3437-4957-8D5D-F68CB2BF47CD}"
EndProject
Project("{9A19103F-16F7-4668-BE54-9A1E7A4F7556}") = "PokemonGBAFrameWork", "..\PokemonGBAFrameWork\PokemonGBAFrameWork\PokemonGBAFrameWork.csproj", "{36A86DA3-BFFD-49EC-B604-FEDF23071172}"
EndProject
Global
	GlobalSection(SolutionConfigurationPlatforms) = preSolution
		Debug|Any CPU = Debug|Any CPU
		Release|Any CPU = Release|Any CPU
	EndGlobalSection
	GlobalSection(ProjectConfigurationPlatforms) = postSolution
		{9CA13A3B-BAD4-48A3-A54E-B7D306796F54}.Debug|Any CPU.ActiveCfg = Debug|Any CPU
		{9CA13A3B-BAD4-48A3-A54E-B7D306796F54}.Debug|Any CPU.Build.0 = Debug|Any CPU
		{9CA13A3B-BAD4-48A3-A54E-B7D306796F54}.Release|Any CPU.ActiveCfg = Release|Any CPU
		{9CA13A3B-BAD4-48A3-A54E-B7D306796F54}.Release|Any CPU.Build.0 = Release|Any CPU
		{481709D4-3437-4957-8D5D-F68CB2BF47CD}.Debug|Any CPU.ActiveCfg = Debug|Any CPU
		{481709D4-3437-4957-8D5D-F68CB2BF47CD}.Debug|Any CPU.Build.0 = Debug|Any CPU
		{481709D4-3437-4957-8D5D-F68CB2BF47CD}.Release|Any CPU.ActiveCfg = Release|Any CPU
		{481709D4-3437-4957-8D5D-F68CB2BF47CD}.Release|Any CPU.Build.0 = Release|Any CPU
		{36A86DA3-BFFD-49EC-B604-FEDF23071172}.Debug|Any CPU.ActiveCfg = Debug|Any CPU
		{36A86DA3-BFFD-49EC-B604-FEDF23071172}.Debug|Any CPU.Build.0 = Debug|Any CPU
		{36A86DA3-BFFD-49EC-B604-FEDF23071172}.Release|Any CPU.ActiveCfg = Release|Any CPU
		{36A86DA3-BFFD-49EC-B604-FEDF23071172}.Release|Any CPU.Build.0 = Release|Any CPU
	EndGlobalSection
	GlobalSection(SolutionProperties) = preSolution
		HideSolutionNode = FALSE
	EndGlobalSection
	GlobalSection(ExtensibilityGlobals) = postSolution
		SolutionGuid = {B44B8ED0-9016-4CB4-89CA-524B64D134E7}
	EndGlobalSection
EndGlobal
